{
    "name": "coconut.mdc",
    "version": "0.1.0",
    "lockfileVersion": 1,
    "requires": true,
    "dependencies": {
        "@material/animation": {
            "version": "0.25.0",
            "resolved": "https://registry.npmjs.org/@material/animation/-/animation-0.25.0.tgz",
            "integrity": "sha512-4RzlpMwJtMnQ3/rNf4zpG9qnoQcCkYiRs6U515MRQzv7qFl1eCZx3U3dGaUu7UVf3Hwx4RskUB/fBxGc0b61CQ=="
        },
        "@material/auto-init": {
            "version": "0.25.0",
            "resolved": "https://registry.npmjs.org/@material/auto-init/-/auto-init-0.25.0.tgz",
            "integrity": "sha512-5nZOslGcZUczKXfMPBze5fgAb3OAmoeGxm3h6x3QLZP7FMXgyRpofH6AGw5oDIiXmvSM8r2+sduwW9OfgMlTMA=="
        },
        "@material/base": {
            "version": "0.24.0",
            "resolved": "https://registry.npmjs.org/@material/base/-/base-0.24.0.tgz",
            "integrity": "sha512-RG1SbHl6M8a0fdrMAoMm7Fc8jkuj3HhZd0f8Dy5kfUtQk3I7PyzD+MLCrmCHgUAlKbcK2J9VxJWpd4isZr3x9w=="
        },
        "@material/button": {
            "version": "0.28.0",
            "resolved": "https://registry.npmjs.org/@material/button/-/button-0.28.0.tgz",
            "integrity": "sha512-8UG6ixCrQctZ4PrNGIhZtCCt+pVtJfLJXxZHJqIsZiX+nIOhg7g8fdhtZFCtntoMp5gVJAMlQluE6YDCX4GQAw==",
            "requires": {
                "@material/elevation": "0.28.0",
                "@material/ripple": "0.28.0",
                "@material/theme": "0.28.0",
                "@material/typography": "0.28.0"
            }
        },
        "@material/card": {
            "version": "0.28.0",
            "resolved": "https://registry.npmjs.org/@material/card/-/card-0.28.0.tgz",
            "integrity": "sha512-F7PkH51n/aFQcSbWHiWFmf5BN6ljpicJ5gJcKnEtKq/5yHBuojc5l8HTbm3DUD5OGAWqRcJztpg13sDL756aeg==",
            "requires": {
                "@material/elevation": "0.28.0",
                "@material/rtl": "0.1.8",
                "@material/theme": "0.28.0",
                "@material/typography": "0.28.0"
            }
        },
        "@material/checkbox": {
            "version": "0.28.0",
            "resolved": "https://registry.npmjs.org/@material/checkbox/-/checkbox-0.28.0.tgz",
            "integrity": "sha512-bVTQMhcHt0tJYu/mGKEaDo6+sP9iYU4v1mR/emyz/sgagP14jGC+Cp/ANiCnbP2uFsRniiL046TyKek8wVdzOQ==",
            "requires": {
                "@material/animation": "0.25.0",
                "@material/base": "0.24.0",
                "@material/ripple": "0.28.0",
                "@material/rtl": "0.1.8",
                "@material/selection-control": "0.28.0",
                "@material/theme": "0.28.0"
            }
        },
        "@material/dialog": {
            "version": "0.28.0",
            "resolved": "https://registry.npmjs.org/@material/dialog/-/dialog-0.28.0.tgz",
            "integrity": "sha512-0eiO6p5qUXY/YO7tc9uE3KF/+kmQ6CUAqMgktWoGqZ4g3E8pqac6813TX0Xbw37kOV4D7ZGEPmwrvrOzKqV2hg==",
            "requires": {
                "@material/animation": "0.25.0",
                "@material/base": "0.24.0",
                "@material/elevation": "0.28.0",
                "@material/ripple": "0.28.0",
                "@material/rtl": "0.1.8",
                "@material/theme": "0.28.0",
                "@material/typography": "0.1.1",
                "focus-trap": "2.4.2"
            },
            "dependencies": {
                "@material/typography": {
                    "version": "0.1.1",
                    "resolved": "https://registry.npmjs.org/@material/typography/-/typography-0.1.1.tgz",
                    "integrity": "sha1-+y40N70yhNOen7kUhXZ63msr0ME="
                }
            }
        },
        "@material/drawer": {
            "version": "0.28.0",
            "resolved": "https://registry.npmjs.org/@material/drawer/-/drawer-0.28.0.tgz",
            "integrity": "sha512-g9u0GbAVfa6D8d0PUN4FsJPAzHaqpizm7gBSB8wDupeqfhyPfu/s/LHc6YkjJiymQq07+aExOSJh5EPzPP5R3Q==",
            "requires": {
                "@material/animation": "0.25.0",
                "@material/base": "0.24.0",
                "@material/elevation": "0.28.0",
                "@material/rtl": "0.1.8",
                "@material/theme": "0.28.0",
                "@material/typography": "0.28.0"
            }
        },
        "@material/elevation": {
            "version": "0.28.0",
            "resolved": "https://registry.npmjs.org/@material/elevation/-/elevation-0.28.0.tgz",
            "integrity": "sha512-U2utCuMDDhrJ8Cyisz16GAejN9h9xyS4jvVkt2uIOUyPZRjnaJyoAbpyf0mOzFxIdBuRpNGJYm2PoAwHsSA+xw==",
            "requires": {
                "@material/animation": "0.25.0",
                "@material/theme": "0.4.0"
            },
            "dependencies": {
                "@material/theme": {
                    "version": "0.4.0",
                    "resolved": "https://registry.npmjs.org/@material/theme/-/theme-0.4.0.tgz",
                    "integrity": "sha1-Cu8aAnm2XBWZBYT7i47KCVxzRkE="
                }
            }
        },
        "@material/fab": {
            "version": "0.28.0",
            "resolved": "https://registry.npmjs.org/@material/fab/-/fab-0.28.0.tgz",
            "integrity": "sha512-Vcb6ehsw6KmW7s66wi3ZHya6QLB81g6awGEx+T1wi6b/RK9YJEPihgsHf3iCXWs3YIlBY8/9FSJdF6op/PB20Q==",
            "requires": {
                "@material/animation": "0.25.0",
                "@material/elevation": "0.28.0",
                "@material/ripple": "0.28.0",
                "@material/theme": "0.28.0"
            }
        },
        "@material/form-field": {
            "version": "0.28.0",
            "resolved": "https://registry.npmjs.org/@material/form-field/-/form-field-0.28.0.tgz",
            "integrity": "sha512-Bj+jZHUGKICXqQ47rN6qrwUOf9g3sAUvQ4EtDAAiz7z1z09YvwpgFcsJUDm5NDG64QLo3E0F1jhG9OTDAmE+dA==",
            "requires": {
                "@material/base": "0.24.0",
                "@material/rtl": "0.1.8",
                "@material/selection-control": "0.28.0",
                "@material/theme": "0.28.0",
                "@material/typography": "0.28.0"
            }
        },
        "@material/grid-list": {
            "version": "0.28.0",
            "resolved": "https://registry.npmjs.org/@material/grid-list/-/grid-list-0.28.0.tgz",
            "integrity": "sha512-CxXbpcjlj2E4h79kEoisfWpa3UN7Sk3VFYaMLT+XM2IZQoETLB707xzusbWyKD4/8vMOO4FRMU1dyq1Ezp++Sg==",
            "requires": {
                "@material/base": "0.24.0",
                "@material/rtl": "0.1.8",
                "@material/theme": "0.28.0",
                "@material/typography": "0.28.0"
            }
        },
        "@material/icon-toggle": {
            "version": "0.28.0",
            "resolved": "https://registry.npmjs.org/@material/icon-toggle/-/icon-toggle-0.28.0.tgz",
            "integrity": "sha512-aiV4dbc8i+qvpRgZgAeEnNZYp5wO5V/tOveWLESqjpAOUNgqEXOeorGk2I6LBSz5kzhduwm2KWu5iqPz1JGiPg==",
            "requires": {
                "@material/animation": "0.25.0",
                "@material/base": "0.24.0",
                "@material/ripple": "0.28.0",
                "@material/theme": "0.28.0"
            }
        },
        "@material/layout-grid": {
            "version": "0.24.0",
            "resolved": "https://registry.npmjs.org/@material/layout-grid/-/layout-grid-0.24.0.tgz",
            "integrity": "sha512-38Si5CQgRkQwTSVb+lfCZkH8QEe1/HWfj2yNmK5OIFRMBFbSjQRsvf3p+aU1R7fM4TDjNKcgUWqRtBnKuUjNCQ=="
        },
        "@material/linear-progress": {
            "version": "0.28.0",
            "resolved": "https://registry.npmjs.org/@material/linear-progress/-/linear-progress-0.28.0.tgz",
            "integrity": "sha512-n55P38nORUybeNAh55qCwVSDrQp75KQgS6zrDbvI/pkniPVLZQzevniCRVWew47FD9n84W1PsKHGedacaGVlOw==",
            "requires": {
                "@material/animation": "0.25.0",
                "@material/base": "0.24.0",
                "@material/theme": "0.28.0"
            }
        },
        "@material/list": {
            "version": "0.28.0",
            "resolved": "https://registry.npmjs.org/@material/list/-/list-0.28.0.tgz",
            "integrity": "sha512-jRRPUnUF1mz2gdlXCNF+9m2bwsjCdefWBqXdFtDCeavn1LcffGoWHbNXI0grcZyeVmZ4qWFa9tOcQ1giqbUieQ==",
            "requires": {
                "@material/ripple": "0.28.0",
                "@material/rtl": "0.1.8",
                "@material/theme": "0.28.0",
                "@material/typography": "0.28.0"
            }
        },
        "@material/menu": {
            "version": "0.28.0",
            "resolved": "https://registry.npmjs.org/@material/menu/-/menu-0.28.0.tgz",
            "integrity": "sha512-DMyRqfHcfu+GgO1JzAo8auSwtg6RKZFeaGjowDKvEviZd4XONE8gh+hr0odAWYKOojtDMRpGM94BS2velu0lEw==",
            "requires": {
                "@material/animation": "0.25.0",
                "@material/base": "0.24.0",
                "@material/elevation": "0.28.0",
                "@material/theme": "0.28.0",
                "@material/typography": "0.28.0"
            }
        },
        "@material/radio": {
            "version": "0.28.0",
            "resolved": "https://registry.npmjs.org/@material/radio/-/radio-0.28.0.tgz",
            "integrity": "sha512-V/oQky6B9ueRoG+7/XmmuSKcGsTTH8guEc0TgvOVtxQ1IYWo3eqCikSRJc13tkdozc8zHvwXz7UC292Vf4dUKg==",
            "requires": {
                "@material/animation": "0.25.0",
                "@material/base": "0.24.0",
                "@material/ripple": "0.28.0",
                "@material/selection-control": "0.28.0",
                "@material/theme": "0.28.0"
            }
        },
        "@material/ripple": {
            "version": "0.28.0",
            "resolved": "https://registry.npmjs.org/@material/ripple/-/ripple-0.28.0.tgz",
            "integrity": "sha512-CBAs4H5QeohIhGLGuAtQvAedkT26kfdmWmAEV9+mKepzOFdO47KmJfuJwUzlCPgYnKq1a1NzYItwJGxJNNG/oA==",
            "requires": {
                "@material/base": "0.24.0",
                "@material/theme": "0.28.0"
            }
        },
        "@material/rtl": {
            "version": "0.1.8",
            "resolved": "https://registry.npmjs.org/@material/rtl/-/rtl-0.1.8.tgz",
            "integrity": "sha512-NzBobwxvhJg+dch99pVO+Z9HL1DM+esuIy5WYXgM7trfOVh8n9DkVo5vD/NKnDy6F5wCaRnJOI5T19Tev6c9Zw=="
        },
        "@material/select": {
            "version": "0.28.0",
            "resolved": "https://registry.npmjs.org/@material/select/-/select-0.28.0.tgz",
            "integrity": "sha512-lxZ73bvFoik4OIzXvaBEZTNBnAuSPGg3rKxrXBd+Nb57UQi57kuEBPCSSp+TiE6wLKPkgj3DlAKhLgJtd3ZCXg==",
            "requires": {
                "@material/animation": "0.25.0",
                "@material/base": "0.24.0",
                "@material/list": "0.28.0",
                "@material/menu": "0.28.0",
                "@material/ripple": "0.28.0",
                "@material/rtl": "0.1.8",
                "@material/theme": "0.28.0",
                "@material/typography": "0.28.0"
            }
        },
        "@material/selection-control": {
            "version": "0.28.0",
            "resolved": "https://registry.npmjs.org/@material/selection-control/-/selection-control-0.28.0.tgz",
            "integrity": "sha512-2F8sfwLC0iNti7xl5KuyDGxRvR6cy7oPIXSkbHrd9P29V1kyVtbJYyAvKZ1sBV/7JX01oNCsspYMZOzphaaEuA==",
            "requires": {
                "@material/ripple": "0.28.0"
            }
        },
        "@material/slider": {
            "version": "0.28.0",
            "resolved": "https://registry.npmjs.org/@material/slider/-/slider-0.28.0.tgz",
            "integrity": "sha512-aCF4WyFRu7TSr/n2AjhAJKGobck5KFJ2QG0RNXcdBOAteuFZMy6/mcbpzQbHdW+RJPLWGYtxLiVsJJBaGQmSJQ==",
            "requires": {
                "@material/animation": "0.25.0",
                "@material/base": "0.24.0",
                "@material/rtl": "0.1.8",
                "@material/theme": "0.28.0"
            }
        },
        "@material/snackbar": {
            "version": "0.28.0",
            "resolved": "https://registry.npmjs.org/@material/snackbar/-/snackbar-0.28.0.tgz",
            "integrity": "sha512-PIJaH52x5/WaYikSYofeLUt2AHHvQGvW+JhMXGBgJ7xCCibIlDL6LgZkIfG5RigT/eB1ly/ZTJywJBZ+TMEbaw==",
            "requires": {
                "@material/animation": "0.25.0",
                "@material/base": "0.24.0",
                "@material/rtl": "0.1.8",
                "@material/theme": "0.28.0",
                "@material/typography": "0.28.0"
            }
        },
        "@material/switch": {
            "version": "0.28.0",
            "resolved": "https://registry.npmjs.org/@material/switch/-/switch-0.28.0.tgz",
            "integrity": "sha512-EzIDok7Zav8h/c+9ZKd+JLRXhDdRfyhl/zKRrYj1X51titqhj/Ti1dHvLUVbKTJBPuhLXG5UQLMHoo1G3PLotA==",
            "requires": {
                "@material/animation": "0.25.0",
                "@material/elevation": "0.28.0",
                "@material/theme": "0.28.0"
            }
        },
        "@material/tabs": {
            "version": "0.28.0",
            "resolved": "https://registry.npmjs.org/@material/tabs/-/tabs-0.28.0.tgz",
            "integrity": "sha512-WBXsRUQQio11gwqjE1DoRq7B1Bzgp61p5bQsTdK2Nxwac63ua3ScVnW3jP2ne8JwedH4lc2lY6UKkQdzBxPZbQ==",
            "requires": {
                "@material/animation": "0.25.0",
                "@material/base": "0.24.0",
                "@material/ripple": "0.28.0",
                "@material/rtl": "0.1.8",
                "@material/theme": "0.28.0",
                "@material/typography": "0.28.0"
            }
        },
        "@material/textfield": {
            "version": "0.28.0",
            "resolved": "https://registry.npmjs.org/@material/textfield/-/textfield-0.28.0.tgz",
            "integrity": "sha512-CwyUHfWkAHSk2YdDBtnMBPIqgaioqovCwrM9gM6rx45w7JU0rawsiZcxhuoro4PF4B+gukSATvsg0zKzLgOCsg==",
            "requires": {
                "@material/animation": "0.25.0",
                "@material/base": "0.24.0",
                "@material/ripple": "0.28.0",
                "@material/rtl": "0.1.8",
                "@material/theme": "0.28.0",
                "@material/typography": "0.28.0"
            }
        },
        "@material/theme": {
            "version": "0.28.0",
            "resolved": "https://registry.npmjs.org/@material/theme/-/theme-0.28.0.tgz",
            "integrity": "sha512-hmlnXFIMGxhLWLNkaYFOQ4rqJhwanPZoHLziHfBDmbeAdfa03aJnIr2JVohmQkmOINA1UlIcTK5QAJAAaOJ47w=="
        },
        "@material/toolbar": {
            "version": "0.28.0",
            "resolved": "https://registry.npmjs.org/@material/toolbar/-/toolbar-0.28.0.tgz",
            "integrity": "sha512-XGbIcjKu9KtDOd9CBup33vOz5O9N/fJfN6Ux6gkBLqTONDoL3XIVoEi0/bFoOstYtDXUwhQWpzlEUSNA7068Kw==",
            "requires": {
                "@material/base": "0.24.0",
                "@material/elevation": "0.28.0",
                "@material/rtl": "0.1.8",
                "@material/theme": "0.28.0",
                "@material/typography": "0.28.0"
            }
        },
        "@material/typography": {
            "version": "0.28.0",
            "resolved": "https://registry.npmjs.org/@material/typography/-/typography-0.28.0.tgz",
            "integrity": "sha512-Cz8XxO/bocChQAM87xTAN9CM31Q04FgW0N4lSQWyha2PAK/LdtfjjWFPZWNZKyQbZJBNjINbE3/PqMnWDTd4cQ=="
        },
        "focus-trap": {
            "version": "2.4.2",
            "resolved": "https://registry.npmjs.org/focus-trap/-/focus-trap-2.4.2.tgz",
            "integrity": "sha512-SAeF7QzsGlG1RmdmBM5hsnwNGyOUak6f75LB8mIvj1gi63MGMtcbkaqNkMqLnMI8aQaQcdMVCSYaKLJZECIUmw==",
            "requires": {
                "tabbable": "1.1.2"
            }
        },
        "material-components-web": {
            "version": "0.28.0",
            "resolved": "https://registry.npmjs.org/material-components-web/-/material-components-web-0.28.0.tgz",
            "integrity": "sha512-szQhEA9L1eOx9DzW4WYQeYobLMpp39H7ZOkSkLGac/jSWxuUipDD7sbTB22gHTiflm6YgZGiSwvOnY2ZiryifQ==",
            "requires": {
                "@material/animation": "0.25.0",
                "@material/auto-init": "0.25.0",
                "@material/base": "0.24.0",
                "@material/button": "0.28.0",
                "@material/card": "0.28.0",
                "@material/checkbox": "0.28.0",
                "@material/dialog": "0.28.0",
                "@material/drawer": "0.28.0",
                "@material/elevation": "0.28.0",
                "@material/fab": "0.28.0",
                "@material/form-field": "0.28.0",
                "@material/grid-list": "0.28.0",
                "@material/icon-toggle": "0.28.0",
                "@material/layout-grid": "0.24.0",
                "@material/linear-progress": "0.28.0",
                "@material/list": "0.28.0",
                "@material/menu": "0.28.0",
                "@material/radio": "0.28.0",
                "@material/ripple": "0.28.0",
                "@material/rtl": "0.1.8",
                "@material/select": "0.28.0",
                "@material/selection-control": "0.28.0",
                "@material/slider": "0.28.0",
                "@material/snackbar": "0.28.0",
                "@material/switch": "0.28.0",
                "@material/tabs": "0.28.0",
                "@material/textfield": "0.28.0",
                "@material/theme": "0.28.0",
                "@material/toolbar": "0.28.0",
                "@material/typography": "0.28.0"
            }
        },
        "tabbable": {
            "version": "1.1.2",
            "resolved": "https://registry.npmjs.org/tabbable/-/tabbable-1.1.2.tgz",
            "integrity": "sha512-77oqsKEPrxIwgRcXUwipkj9W5ItO97L6eUT1Ar7vh+El16Zm4M6V+YU1cbipHEa6q0Yjw8O3Hoh8oRgatV5s7A=="
        }
    }
}
